
Microsoft Visual Studio Solution File, Format Version 12.00
# Visual Studio 2013
VisualStudioVersion = 12.0.30723.0
MinimumVisualStudioVersion = 10.0.40219.1
Project("{2150E333-8FDC-42A3-9474-1A3956D46DE8}") = "Presentation", "Presentation", "{2EC5945F-7FB9-4208-A40F-6DAA4C3C9056}"
EndProject
Project("{2150E333-8FDC-42A3-9474-1A3956D46DE8}") = "Infrastructure", "Infrastructure", "{AF675BAA-4206-4AF8-B735-0DA3F23882CF}"
EndProject
Project("{2150E333-8FDC-42A3-9474-1A3956D46DE8}") = "Domain", "Domain", "{62556975-7C22-4BA8-BCA6-8AAAC971733F}"
EndProject
Project("{FAE04EC0-301F-11D3-BF4B-00C04F79EFBC}") = "WY.RMS.Domain.Model", "WY.RMS.Domain.Model\WY.RMS.Domain.Model.csproj", "{05920370-3D78-4B96-84E1-F13BA192C2D7}"
EndProject
Project("{2150E333-8FDC-42A3-9474-1A3956D46DE8}") = "CoreBLL", "CoreBLL", "{79AA85E4-4BEB-459E-B8DD-022D4BE59F2E}"
EndProject
Project("{FAE04EC0-301F-11D3-BF4B-00C04F79EFBC}") = "WY.RMS.Component.Tools", "WY.RMS.Component.Tools\WY.RMS.Component.Tools.csproj", "{E824EE20-20EE-4A4F-AA4A-80830B7AD867}"
EndProject
Project("{FAE04EC0-301F-11D3-BF4B-00C04F79EFBC}") = "WY.RMS.ViewModel", "WY.RMS.ViewModel\WY.RMS.ViewModel.csproj", "{C313D453-0D23-4E85-8352-1210506F4479}"
EndProject
Project("{FAE04EC0-301F-11D3-BF4B-00C04F79EFBC}") = "WY.RMS.Component.Data", "WY.RMS.Component.Data\WY.RMS.Component.Data.csproj", "{72685C95-126E-49B3-BC02-B0D82389A2E1}"
EndProject
Project("{FAE04EC0-301F-11D3-BF4B-00C04F79EFBC}") = "WY.RMS.Domain.Data", "WY.RMS.Domain.Data\WY.RMS.Domain.Data.csproj", "{A3C03F94-613C-44D8-AED4-263822ED6A8A}"
EndProject
Project("{FAE04EC0-301F-11D3-BF4B-00C04F79EFBC}") = "WY.RMS.CoreBLL.Service", "WY.RMS.CoreBLL.Service\WY.RMS.CoreBLL.Service.csproj", "{78885325-016E-4ADF-8DB5-A6CDAC1AEFD5}"
EndProject
Project("{FAE04EC0-301F-11D3-BF4B-00C04F79EFBC}") = "WY.RMS.Web", "WY.RMS.Web\WY.RMS.Web.csproj", "{07378A17-E5C8-4EDA-AA3B-9BE5B236874A}"
EndProject
Global
	GlobalSection(SolutionConfigurationPlatforms) = preSolution
		Debug|Any CPU = Debug|Any CPU
		Release|Any CPU = Release|Any CPU
	EndGlobalSection
	GlobalSection(ProjectConfigurationPlatforms) = postSolution
		{05920370-3D78-4B96-84E1-F13BA192C2D7}.Debug|Any CPU.ActiveCfg = Debug|Any CPU
		{05920370-3D78-4B96-84E1-F13BA192C2D7}.Debug|Any CPU.Build.0 = Debug|Any CPU
		{05920370-3D78-4B96-84E1-F13BA192C2D7}.Release|Any CPU.ActiveCfg = Release|Any CPU
		{05920370-3D78-4B96-84E1-F13BA192C2D7}.Release|Any CPU.Build.0 = Release|Any CPU
		{E824EE20-20EE-4A4F-AA4A-80830B7AD867}.Debug|Any CPU.ActiveCfg = Debug|Any CPU
		{E824EE20-20EE-4A4F-AA4A-80830B7AD867}.Debug|Any CPU.Build.0 = Debug|Any CPU
		{E824EE20-20EE-4A4F-AA4A-80830B7AD867}.Release|Any CPU.ActiveCfg = Release|Any CPU
		{E824EE20-20EE-4A4F-AA4A-80830B7AD867}.Release|Any CPU.Build.0 = Release|Any CPU
		{C313D453-0D23-4E85-8352-1210506F4479}.Debug|Any CPU.ActiveCfg = Debug|Any CPU
		{C313D453-0D23-4E85-8352-1210506F4479}.Debug|Any CPU.Build.0 = Debug|Any CPU
		{C313D453-0D23-4E85-8352-1210506F4479}.Release|Any CPU.ActiveCfg = Release|Any CPU
		{C313D453-0D23-4E85-8352-1210506F4479}.Release|Any CPU.Build.0 = Release|Any CPU
		{72685C95-126E-49B3-BC02-B0D82389A2E1}.Debug|Any CPU.ActiveCfg = Debug|Any CPU
		{72685C95-126E-49B3-BC02-B0D82389A2E1}.Debug|Any CPU.Build.0 = Debug|Any CPU
		{72685C95-126E-49B3-BC02-B0D82389A2E1}.Release|Any CPU.ActiveCfg = Release|Any CPU
		{72685C95-126E-49B3-BC02-B0D82389A2E1}.Release|Any CPU.Build.0 = Release|Any CPU
		{A3C03F94-613C-44D8-AED4-263822ED6A8A}.Debug|Any CPU.ActiveCfg = Debug|Any CPU
		{A3C03F94-613C-44D8-AED4-263822ED6A8A}.Debug|Any CPU.Build.0 = Debug|Any CPU
		{A3C03F94-613C-44D8-AED4-263822ED6A8A}.Release|Any CPU.ActiveCfg = Release|Any CPU
		{A3C03F94-613C-44D8-AED4-263822ED6A8A}.Release|Any CPU.Build.0 = Release|Any CPU
		{78885325-016E-4ADF-8DB5-A6CDAC1AEFD5}.Debug|Any CPU.ActiveCfg = Debug|Any CPU
		{78885325-016E-4ADF-8DB5-A6CDAC1AEFD5}.Debug|Any CPU.Build.0 = Debug|Any CPU
		{78885325-016E-4ADF-8DB5-A6CDAC1AEFD5}.Release|Any CPU.ActiveCfg = Release|Any CPU
		{78885325-016E-4ADF-8DB5-A6CDAC1AEFD5}.Release|Any CPU.Build.0 = Release|Any CPU
		{07378A17-E5C8-4EDA-AA3B-9BE5B236874A}.Debug|Any CPU.ActiveCfg = Debug|Any CPU
		{07378A17-E5C8-4EDA-AA3B-9BE5B236874A}.Debug|Any CPU.Build.0 = Debug|Any CPU
		{07378A17-E5C8-4EDA-AA3B-9BE5B236874A}.Release|Any CPU.ActiveCfg = Release|Any CPU
		{07378A17-E5C8-4EDA-AA3B-9BE5B236874A}.Release|Any CPU.Build.0 = Release|Any CPU
	EndGlobalSection
	GlobalSection(SolutionProperties) = preSolution
		HideSolutionNode = FALSE
	EndGlobalSection
	GlobalSection(NestedProjects) = preSolution
		{05920370-3D78-4B96-84E1-F13BA192C2D7} = {62556975-7C22-4BA8-BCA6-8AAAC971733F}
		{E824EE20-20EE-4A4F-AA4A-80830B7AD867} = {AF675BAA-4206-4AF8-B735-0DA3F23882CF}
		{C313D453-0D23-4E85-8352-1210506F4479} = {79AA85E4-4BEB-459E-B8DD-022D4BE59F2E}
		{72685C95-126E-49B3-BC02-B0D82389A2E1} = {AF675BAA-4206-4AF8-B735-0DA3F23882CF}
		{A3C03F94-613C-44D8-AED4-263822ED6A8A} = {62556975-7C22-4BA8-BCA6-8AAAC971733F}
		{78885325-016E-4ADF-8DB5-A6CDAC1AEFD5} = {79AA85E4-4BEB-459E-B8DD-022D4BE59F2E}
		{07378A17-E5C8-4EDA-AA3B-9BE5B236874A} = {2EC5945F-7FB9-4208-A40F-6DAA4C3C9056}
	EndGlobalSection
EndGlobal
